// !$*UTF8*$!
{
	archiveVersion = 1;
	classes = {
	};
	objectVersion = 46;
	objects = {

/* Begin PBXBuildFile section */
		9A9ABF2216BDC1D800668A23 /* UIKit.framework in Frameworks */ = {isa = PBXBuildFile; fileRef = 9A9ABF2116BDC1D800668A23 /* UIKit.framework */; };
		9A9ABF2416BDC1D800668A23 /* Foundation.framework in Frameworks */ = {isa = PBXBuildFile; fileRef = 9A9ABF2316BDC1D800668A23 /* Foundation.framework */; };
		9A9ABF2616BDC1D800668A23 /* CoreGraphics.framework in Frameworks */ = {isa = PBXBuildFile; fileRef = 9A9ABF2516BDC1D800668A23 /* CoreGraphics.framework */; };
		9A9ABF2C16BDC1D800668A23 /* InfoPlist.strings in Resources */ = {isa = PBXBuildFile; fileRef = 9A9ABF2A16BDC1D800668A23 /* InfoPlist.strings */; };
		9A9ABF2E16BDC1D800668A23 /* main.m in Sources */ = {isa = PBXBuildFile; fileRef = 9A9ABF2D16BDC1D800668A23 /* main.m */; };
		9A9ABF3216BDC1D800668A23 /* GraphicalSetAppDelegate.m in Sources */ = {isa = PBXBuildFile; fileRef = 9A9ABF3116BDC1D800668A23 /* GraphicalSetAppDelegate.m */; };
		9A9ABF3416BDC1D800668A23 /* Default.png in Resources */ = {isa = PBXBuildFile; fileRef = 9A9ABF3316BDC1D800668A23 /* Default.png */; };
		9A9ABF3616BDC1D800668A23 /* Default@2x.png in Resources */ = {isa = PBXBuildFile; fileRef = 9A9ABF3516BDC1D800668A23 /* Default@2x.png */; };
		9A9ABF3816BDC1D800668A23 /* Default-568h@2x.png in Resources */ = {isa = PBXBuildFile; fileRef = 9A9ABF3716BDC1D800668A23 /* Default-568h@2x.png */; };
		9A9ABF3B16BDC1D800668A23 /* MainStoryboard.storyboard in Resources */ = {isa = PBXBuildFile; fileRef = 9A9ABF3916BDC1D800668A23 /* MainStoryboard.storyboard */; };
		9A9ABF3E16BDC1D800668A23 /* GraphicalSetViewController.m in Sources */ = {isa = PBXBuildFile; fileRef = 9A9ABF3D16BDC1D800668A23 /* GraphicalSetViewController.m */; };
		9A9ABF4E16BDC4FC00668A23 /* Card.m in Sources */ = {isa = PBXBuildFile; fileRef = 9A9ABF4516BDC4FC00668A23 /* Card.m */; };
		9A9ABF4F16BDC4FC00668A23 /* CardMatchingGame.m in Sources */ = {isa = PBXBuildFile; fileRef = 9A9ABF4716BDC4FC00668A23 /* CardMatchingGame.m */; };
		9A9ABF5016BDC4FC00668A23 /* Deck.m in Sources */ = {isa = PBXBuildFile; fileRef = 9A9ABF4916BDC4FC00668A23 /* Deck.m */; };
		9A9ABF5116BDC4FC00668A23 /* SetCard.m in Sources */ = {isa = PBXBuildFile; fileRef = 9A9ABF4B16BDC4FC00668A23 /* SetCard.m */; };
		9A9ABF5216BDC4FC00668A23 /* SetCardDeck.m in Sources */ = {isa = PBXBuildFile; fileRef = 9A9ABF4D16BDC4FC00668A23 /* SetCardDeck.m */; };
		9A9ABF5716BDC57300668A23 /* GraphicalSetCardView.m in Sources */ = {isa = PBXBuildFile; fileRef = 9A9ABF5616BDC57300668A23 /* GraphicalSetCardView.m */; };
		9A9ABF5A16BDC9B800668A23 /* GraphicalSetCollectionViewCell.m in Sources */ = {isa = PBXBuildFile; fileRef = 9A9ABF5916BDC9B800668A23 /* GraphicalSetCollectionViewCell.m */; };
/* End PBXBuildFile section */

/* Begin PBXFileReference section */
		9A9ABF1D16BDC1D800668A23 /* GraphicalSet.app */ = {isa = PBXFileReference; explicitFileType = wrapper.application; includeInIndex = 0; path = GraphicalSet.app; sourceTree = BUILT_PRODUCTS_DIR; };
		9A9ABF2116BDC1D800668A23 /* UIKit.framework */ = {isa = PBXFileReference; lastKnownFileType = wrapper.framework; name = UIKit.framework; path = System/Library/Frameworks/UIKit.framework; sourceTree = SDKROOT; };
		9A9ABF2316BDC1D800668A23 /* Foundation.framework */ = {isa = PBXFileReference; lastKnownFileType = wrapper.framework; name = Foundation.framework; path = System/Library/Frameworks/Foundation.framework; sourceTree = SDKROOT; };
		9A9ABF2516BDC1D800668A23 /* CoreGraphics.framework */ = {isa = PBXFileReference; lastKnownFileType = wrapper.framework; name = CoreGraphics.framework; path = System/Library/Frameworks/CoreGraphics.framework; sourceTree = SDKROOT; };
		9A9ABF2916BDC1D800668A23 /* GraphicalSet-Info.plist */ = {isa = PBXFileReference; lastKnownFileType = text.plist.xml; path = "GraphicalSet-Info.plist"; sourceTree = "<group>"; };
		9A9ABF2B16BDC1D800668A23 /* en */ = {isa = PBXFileReference; lastKnownFileType = text.plist.strings; name = en; path = en.lproj/InfoPlist.strings; sourceTree = "<group>"; };
		9A9ABF2D16BDC1D800668A23 /* main.m */ = {isa = PBXFileReference; lastKnownFileType = sourcecode.c.objc; path = main.m; sourceTree = "<group>"; };
		9A9ABF2F16BDC1D800668A23 /* GraphicalSet-Prefix.pch */ = {isa = PBXFileReference; lastKnownFileType = sourcecode.c.h; path = "GraphicalSet-Prefix.pch"; sourceTree = "<group>"; };
		9A9ABF3016BDC1D800668A23 /* GraphicalSetAppDelegate.h */ = {isa = PBXFileReference; lastKnownFileType = sourcecode.c.h; path = GraphicalSetAppDelegate.h; sourceTree = "<group>"; };
		9A9ABF3116BDC1D800668A23 /* GraphicalSetAppDelegate.m */ = {isa = PBXFileReference; lastKnownFileType = sourcecode.c.objc; path = GraphicalSetAppDelegate.m; sourceTree = "<group>"; };
		9A9ABF3316BDC1D800668A23 /* Default.png */ = {isa = PBXFileReference; lastKnownFileType = image.png; path = Default.png; sourceTree = "<group>"; };
		9A9ABF3516BDC1D800668A23 /* Default@2x.png */ = {isa = PBXFileReference; lastKnownFileType = image.png; path = "Default@2x.png"; sourceTree = "<group>"; };
		9A9ABF3716BDC1D800668A23 /* Default-568h@2x.png */ = {isa = PBXFileReference; lastKnownFileType = image.png; path = "Default-568h@2x.png"; sourceTree = "<group>"; };
		9A9ABF3A16BDC1D800668A23 /* en */ = {isa = PBXFileReference; lastKnownFileType = file.storyboard; name = en; path = en.lproj/MainStoryboard.storyboard; sourceTree = "<group>"; };
		9A9ABF3C16BDC1D800668A23 /* GraphicalSetViewController.h */ = {isa = PBXFileReference; lastKnownFileType = sourcecode.c.h; path = GraphicalSetViewController.h; sourceTree = "<group>"; };
		9A9ABF3D16BDC1D800668A23 /* GraphicalSetViewController.m */ = {isa = PBXFileReference; lastKnownFileType = sourcecode.c.objc; path = GraphicalSetViewController.m; sourceTree = "<group>"; };
		9A9ABF4416BDC4FC00668A23 /* Card.h */ = {isa = PBXFileReference; fileEncoding = 4; lastKnownFileType = sourcecode.c.h; name = Card.h; path = Model/Card.h; sourceTree = "<group>"; };
		9A9ABF4516BDC4FC00668A23 /* Card.m */ = {isa = PBXFileReference; fileEncoding = 4; lastKnownFileType = sourcecode.c.objc; name = Card.m; path = Model/Card.m; sourceTree = "<group>"; };
		9A9ABF4616BDC4FC00668A23 /* CardMatchingGame.h */ = {isa = PBXFileReference; fileEncoding = 4; lastKnownFileType = sourcecode.c.h; name = CardMatchingGame.h; path = Model/CardMatchingGame.h; sourceTree = "<group>"; };
		9A9ABF4716BDC4FC00668A23 /* CardMatchingGame.m */ = {isa = PBXFileReference; fileEncoding = 4; lastKnownFileType = sourcecode.c.objc; name = CardMatchingGame.m; path = Model/CardMatchingGame.m; sourceTree = "<group>"; };
		9A9ABF4816BDC4FC00668A23 /* Deck.h */ = {isa = PBXFileReference; fileEncoding = 4; lastKnownFileType = sourcecode.c.h; name = Deck.h; path = Model/Deck.h; sourceTree = "<group>"; };
		9A9ABF4916BDC4FC00668A23 /* Deck.m */ = {isa = PBXFileReference; fileEncoding = 4; lastKnownFileType = sourcecode.c.objc; name = Deck.m; path = Model/Deck.m; sourceTree = "<group>"; };
		9A9ABF4A16BDC4FC00668A23 /* SetCard.h */ = {isa = PBXFileReference; fileEncoding = 4; lastKnownFileType = sourcecode.c.h; name = SetCard.h; path = Model/SetCard.h; sourceTree = "<group>"; };
		9A9ABF4B16BDC4FC00668A23 /* SetCard.m */ = {isa = PBXFileReference; fileEncoding = 4; lastKnownFileType = sourcecode.c.objc; name = SetCard.m; path = Model/SetCard.m; sourceTree = "<group>"; };
		9A9ABF4C16BDC4FC00668A23 /* SetCardDeck.h */ = {isa = PBXFileReference; fileEncoding = 4; lastKnownFileType = sourcecode.c.h; name = SetCardDeck.h; path = Model/SetCardDeck.h; sourceTree = "<group>"; };
		9A9ABF4D16BDC4FC00668A23 /* SetCardDeck.m */ = {isa = PBXFileReference; fileEncoding = 4; lastKnownFileType = sourcecode.c.objc; name = SetCardDeck.m; path = Model/SetCardDeck.m; sourceTree = "<group>"; };
		9A9ABF5516BDC57300668A23 /* GraphicalSetCardView.h */ = {isa = PBXFileReference; fileEncoding = 4; lastKnownFileType = sourcecode.c.h; name = GraphicalSetCardView.h; path = Views/GraphicalSetCardView.h; sourceTree = "<group>"; };
		9A9ABF5616BDC57300668A23 /* GraphicalSetCardView.m */ = {isa = PBXFileReference; fileEncoding = 4; lastKnownFileType = sourcecode.c.objc; name = GraphicalSetCardView.m; path = Views/GraphicalSetCardView.m; sourceTree = "<group>"; };
		9A9ABF5816BDC9B800668A23 /* GraphicalSetCollectionViewCell.h */ = {isa = PBXFileReference; fileEncoding = 4; lastKnownFileType = sourcecode.c.h; name = GraphicalSetCollectionViewCell.h; path = Views/GraphicalSetCollectionViewCell.h; sourceTree = "<group>"; };
		9A9ABF5916BDC9B800668A23 /* GraphicalSetCollectionViewCell.m */ = {isa = PBXFileReference; fileEncoding = 4; lastKnownFileType = sourcecode.c.objc; name = GraphicalSetCollectionViewCell.m; path = Views/GraphicalSetCollectionViewCell.m; sourceTree = "<group>"; };
/* End PBXFileReference section */

/* Begin PBXFrameworksBuildPhase section */
		9A9ABF1A16BDC1D800668A23 /* Frameworks */ = {
			isa = PBXFrameworksBuildPhase;
			buildActionMask = 2147483647;
			files = (
				9A9ABF2216BDC1D800668A23 /* UIKit.framework in Frameworks */,
				9A9ABF2416BDC1D800668A23 /* Foundation.framework in Frameworks */,
				9A9ABF2616BDC1D800668A23 /* CoreGraphics.framework in Frameworks */,
			);
			runOnlyForDeploymentPostprocessing = 0;
		};
/* End PBXFrameworksBuildPhase section */

/* Begin PBXGroup section */
		9A9ABF1216BDC1D800668A23 = {
			isa = PBXGroup;
			children = (
				9A9ABF2716BDC1D800668A23 /* GraphicalSet */,
				9A9ABF2016BDC1D800668A23 /* Frameworks */,
				9A9ABF1E16BDC1D800668A23 /* Products */,
			);
			sourceTree = "<group>";
		};
		9A9ABF1E16BDC1D800668A23 /* Products */ = {
			isa = PBXGroup;
			children = (
				9A9ABF1D16BDC1D800668A23 /* GraphicalSet.app */,
			);
			name = Products;
			sourceTree = "<group>";
		};
		9A9ABF2016BDC1D800668A23 /* Frameworks */ = {
			isa = PBXGroup;
			children = (
				9A9ABF2116BDC1D800668A23 /* UIKit.framework */,
				9A9ABF2316BDC1D800668A23 /* Foundation.framework */,
				9A9ABF2516BDC1D800668A23 /* CoreGraphics.framework */,
			);
			name = Frameworks;
			sourceTree = "<group>";
		};
		9A9ABF2716BDC1D800668A23 /* GraphicalSet */ = {
			isa = PBXGroup;
			children = (
				9A9ABF5416BDC54600668A23 /* Views */,
				9A9ABF5316BDC50700668A23 /* Model */,
				9A9ABF3016BDC1D800668A23 /* GraphicalSetAppDelegate.h */,
				9A9ABF3116BDC1D800668A23 /* GraphicalSetAppDelegate.m */,
				9A9ABF3916BDC1D800668A23 /* MainStoryboard.storyboard */,
				9A9ABF3C16BDC1D800668A23 /* GraphicalSetViewController.h */,
				9A9ABF3D16BDC1D800668A23 /* GraphicalSetViewController.m */,
				9A9ABF2816BDC1D800668A23 /* Supporting Files */,
			);
			path = GraphicalSet;
			sourceTree = "<group>";
		};
		9A9ABF2816BDC1D800668A23 /* Supporting Files */ = {
			isa = PBXGroup;
			children = (
				9A9ABF2916BDC1D800668A23 /* GraphicalSet-Info.plist */,
				9A9ABF2A16BDC1D800668A23 /* InfoPlist.strings */,
				9A9ABF2D16BDC1D800668A23 /* main.m */,
				9A9ABF2F16BDC1D800668A23 /* GraphicalSet-Prefix.pch */,
				9A9ABF3316BDC1D800668A23 /* Default.png */,
				9A9ABF3516BDC1D800668A23 /* Default@2x.png */,
				9A9ABF3716BDC1D800668A23 /* Default-568h@2x.png */,
			);
			name = "Supporting Files";
			sourceTree = "<group>";
		};
		9A9ABF5316BDC50700668A23 /* Model */ = {
			isa = PBXGroup;
			children = (
				9A9ABF4416BDC4FC00668A23 /* Card.h */,
				9A9ABF4516BDC4FC00668A23 /* Card.m */,
				9A9ABF4616BDC4FC00668A23 /* CardMatchingGame.h */,
				9A9ABF4716BDC4FC00668A23 /* CardMatchingGame.m */,
				9A9ABF4816BDC4FC00668A23 /* Deck.h */,
				9A9ABF4916BDC4FC00668A23 /* Deck.m */,
				9A9ABF4A16BDC4FC00668A23 /* SetCard.h */,
				9A9ABF4B16BDC4FC00668A23 /* SetCard.m */,
				9A9ABF4C16BDC4FC00668A23 /* SetCardDeck.h */,
				9A9ABF4D16BDC4FC00668A23 /* SetCardDeck.m */,
			);
			name = Model;
			sourceTree = "<group>";
		};
		9A9ABF5416BDC54600668A23 /* Views */ = {
			isa = PBXGroup;
			children = (
				9A9ABF5516BDC57300668A23 /* GraphicalSetCardView.h */,
				9A9ABF5616BDC57300668A23 /* GraphicalSetCardView.m */,
				9A9ABF5816BDC9B800668A23 /* GraphicalSetCollectionViewCell.h */,
				9A9ABF5916BDC9B800668A23 /* GraphicalSetCollectionViewCell.m */,
			);
			name = Views;
			sourceTree = "<group>";
		};
/* End PBXGroup section */

/* Begin PBXNativeTarget section */
		9A9ABF1C16BDC1D800668A23 /* GraphicalSet */ = {
			isa = PBXNativeTarget;
			buildConfigurationList = 9A9ABF4116BDC1D800668A23 /* Build configuration list for PBXNativeTarget "GraphicalSet" */;
			buildPhases = (
				9A9ABF1916BDC1D800668A23 /* Sources */,
				9A9ABF1A16BDC1D800668A23 /* Frameworks */,
				9A9ABF1B16BDC1D800668A23 /* Resources */,
			);
			buildRules = (
			);
			dependencies = (
			);
			name = GraphicalSet;
			productName = GraphicalSet;
			productReference = 9A9ABF1D16BDC1D800668A23 /* GraphicalSet.app */;
			productType = "com.apple.product-type.application";
		};
/* End PBXNativeTarget section */

/* Begin PBXProject section */
		9A9ABF1416BDC1D800668A23 /* Project object */ = {
			isa = PBXProject;
			attributes = {
				CLASSPREFIX = GraphicalSet;
				LastUpgradeCheck = 0450;
				ORGANIZATIONNAME = "Kyle Vermeer";
			};
			buildConfigurationList = 9A9ABF1716BDC1D800668A23 /* Build configuration list for PBXProject "GraphicalSet" */;
			compatibilityVersion = "Xcode 3.2";
			developmentRegion = English;
			hasScannedForEncodings = 0;
			knownRegions = (
				en,
			);
			mainGroup = 9A9ABF1216BDC1D800668A23;
			productRefGroup = 9A9ABF1E16BDC1D800668A23 /* Products */;
			projectDirPath = "";
			projectRoot = "";
			targets = (
				9A9ABF1C16BDC1D800668A23 /* GraphicalSet */,
			);
		};
/* End PBXProject section */

/* Begin PBXResourcesBuildPhase section */
		9A9ABF1B16BDC1D800668A23 /* Resources */ = {
			isa = PBXResourcesBuildPhase;
			buildActionMask = 2147483647;
			files = (
				9A9ABF2C16BDC1D800668A23 /* InfoPlist.strings in Resources */,
				9A9ABF3416BDC1D800668A23 /* Default.png in Resources */,
				9A9ABF3616BDC1D800668A23 /* Default@2x.png in Resources */,
				9A9ABF3816BDC1D800668A23 /* Default-568h@2x.png in Resources */,
				9A9ABF3B16BDC1D800668A23 /* MainStoryboard.storyboard in Resources */,
			);
			runOnlyForDeploymentPostprocessing = 0;
		};
/* End PBXResourcesBuildPhase section */

/* Begin PBXSourcesBuildPhase section */
		9A9ABF1916BDC1D800668A23 /* Sources */ = {
			isa = PBXSourcesBuildPhase;
			buildActionMask = 2147483647;
			files = (
				9A9ABF2E16BDC1D800668A23 /* main.m in Sources */,
				9A9ABF3216BDC1D800668A23 /* GraphicalSetAppDelegate.m in Sources */,
				9A9ABF3E16BDC1D800668A23 /* GraphicalSetViewController.m in Sources */,
				9A9ABF4E16BDC4FC00668A23 /* Card.m in Sources */,
				9A9ABF4F16BDC4FC00668A23 /* CardMatchingGame.m in Sources */,
				9A9ABF5016BDC4FC00668A23 /* Deck.m in Sources */,
				9A9ABF5116BDC4FC00668A23 /* SetCard.m in Sources */,
				9A9ABF5216BDC4FC00668A23 /* SetCardDeck.m in Sources */,
				9A9ABF5716BDC57300668A23 /* GraphicalSetCardView.m in Sources */,
				9A9ABF5A16BDC9B800668A23 /* GraphicalSetCollectionViewCell.m in Sources */,
			);
			runOnlyForDeploymentPostprocessing = 0;
		};
/* End PBXSourcesBuildPhase section */

/* Begin PBXVariantGroup section */
		9A9ABF2A16BDC1D800668A23 /* InfoPlist.strings */ = {
			isa = PBXVariantGroup;
			children = (
				9A9ABF2B16BDC1D800668A23 /* en */,
			);
			name = InfoPlist.strings;
			sourceTree = "<group>";
		};
		9A9ABF3916BDC1D800668A23 /* MainStoryboard.storyboard */ = {
			isa = PBXVariantGroup;
			children = (
				9A9ABF3A16BDC1D800668A23 /* en */,
			);
			name = MainStoryboard.storyboard;
			sourceTree = "<group>";
		};
/* End PBXVariantGroup section */

/* Begin XCBuildConfiguration section */
		9A9ABF3F16BDC1D800668A23 /* Debug */ = {
			isa = XCBuildConfiguration;
			buildSettings = {
				ALWAYS_SEARCH_USER_PATHS = NO;
				CLANG_CXX_LANGUAGE_STANDARD = "gnu++0x";
				CLANG_CXX_LIBRARY = "libc++";
				CLANG_ENABLE_OBJC_ARC = YES;
				CLANG_WARN_EMPTY_BODY = YES;
				CLANG_WARN__DUPLICATE_METHOD_MATCH = YES;
				"CODE_SIGN_IDENTITY[sdk=iphoneos*]" = "iPhone Developer";
				COPY_PHASE_STRIP = NO;
				GCC_C_LANGUAGE_STANDARD = gnu99;
				GCC_DYNAMIC_NO_PIC = NO;
				GCC_OPTIMIZATION_LEVEL = 0;
				GCC_PREPROCESSOR_DEFINITIONS = (
					"DEBUG=1",
					"$(inherited)",
				);
				GCC_SYMBOLS_PRIVATE_EXTERN = NO;
				GCC_WARN_ABOUT_RETURN_TYPE = YES;
				GCC_WARN_UNINITIALIZED_AUTOS = YES;
				GCC_WARN_UNUSED_VARIABLE = YES;
				IPHONEOS_DEPLOYMENT_TARGET = 6.0;
				ONLY_ACTIVE_ARCH = YES;
				SDKROOT = iphoneos;
			};
			name = Debug;
		};
		9A9ABF4016BDC1D800668A23 /* Release */ = {
			isa = XCBuildConfiguration;
			buildSettings = {
				ALWAYS_SEARCH_USER_PATHS = NO;
				CLANG_CXX_LANGUAGE_STANDARD = "gnu++0x";
				CLANG_CXX_LIBRARY = "libc++";
				CLANG_ENABLE_OBJC_ARC = YES;
				CLANG_WARN_EMPTY_BODY = YES;
				CLANG_WARN__DUPLICATE_METHOD_MATCH = YES;
				"CODE_SIGN_IDENTITY[sdk=iphoneos*]" = "iPhone Developer";
				COPY_PHASE_STRIP = YES;
				GCC_C_LANGUAGE_STANDARD = gnu99;
				GCC_WARN_ABOUT_RETURN_TYPE = YES;
				GCC_WARN_UNINITIALIZED_AUTOS = YES;
				GCC_WARN_UNUSED_VARIABLE = YES;
				IPHONEOS_DEPLOYMENT_TARGET = 6.0;
				OTHER_CFLAGS = "-DNS_BLOCK_ASSERTIONS=1";
				SDKROOT = iphoneos;
				VALIDATE_PRODUCT = YES;
			};
			name = Release;
		};
		9A9ABF4216BDC1D800668A23 /* Debug */ = {
			isa = XCBuildConfiguration;
			buildSettings = {
				GCC_PRECOMPILE_PREFIX_HEADER = YES;
				GCC_PREFIX_HEADER = "GraphicalSet/GraphicalSet-Prefix.pch";
				INFOPLIST_FILE = "GraphicalSet/GraphicalSet-Info.plist";
				PRODUCT_NAME = "$(TARGET_NAME)";
				WRAPPER_EXTENSION = app;
			};
			name = Debug;
		};
		9A9ABF4316BDC1D800668A23 /* Release */ = {
			isa = XCBuildConfiguration;
			buildSettings = {
				GCC_PRECOMPILE_PREFIX_HEADER = YES;
				GCC_PREFIX_HEADER = "GraphicalSet/GraphicalSet-Prefix.pch";
				INFOPLIST_FILE = "GraphicalSet/GraphicalSet-Info.plist";
				PRODUCT_NAME = "$(TARGET_NAME)";
				WRAPPER_EXTENSION = app;
			};
			name = Release;
		};
/* End XCBuildConfiguration section */

/* Begin XCConfigurationList section */
		9A9ABF1716BDC1D800668A23 /* Build configuration list for PBXProject "GraphicalSet" */ = {
			isa = XCConfigurationList;
			buildConfigurations = (
				9A9ABF3F16BDC1D800668A23 /* Debug */,
				9A9ABF4016BDC1D800668A23 /* Release */,
			);
			defaultConfigurationIsVisible = 0;
			defaultConfigurationName = Release;
		};
		9A9ABF4116BDC1D800668A23 /* Build configuration list for PBXNativeTarget "GraphicalSet" */ = {
			isa = XCConfigurationList;
			buildConfigurations = (
				9A9ABF4216BDC1D800668A23 /* Debug */,
				9A9ABF4316BDC1D800668A23 /* Release */,
			);
			defaultConfigurationIsVisible = 0;
		};
/* End XCConfigurationList section */
	};
	rootObject = 9A9ABF1416BDC1D800668A23 /* Project object */;
}
